
Microsoft Visual Studio Solution File, Format Version 12.00
# Visual Studio 15
Project("{FAE04EC0-301F-11D3-BF4B-00C04F79EFBC}") = "CoursePostAndComments", "CoursePostAndComments\CoursePostAndComments.csproj", "{17EBAE8B-E3BF-46A7-BE86-685D4C5E7A8B}"
EndProject
Global
	GlobalSection(SolutionConfigurationPlatforms) = preSolution
		Debug|Any CPU = Debug|Any CPU
		Release|Any CPU = Release|Any CPU
	EndGlobalSection
	GlobalSection(ProjectConfigurationPlatforms) = postSolution
		{17EBAE8B-E3BF-46A7-BE86-685D4C5E7A8B}.Debug|Any CPU.ActiveCfg = Debug|Any CPU
		{17EBAE8B-E3BF-46A7-BE86-685D4C5E7A8B}.Debug|Any CPU.Build.0 = Debug|Any CPU
		{17EBAE8B-E3BF-46A7-BE86-685D4C5E7A8B}.Release|Any CPU.ActiveCfg = Release|Any CPU
		{17EBAE8B-E3BF-46A7-BE86-685D4C5E7A8B}.Release|Any CPU.Build.0 = Release|Any CPU
	EndGlobalSection
EndGlobal
